
Microsoft Visual Studio Solution File, Format Version 12.00
# Visual Studio Version 17
VisualStudioVersion = 17.7.34031.279
MinimumVisualStudioVersion = 10.0.40219.1
Project("{FAE04EC0-301F-11D3-BF4B-00C04F79EFBC}") = "TestAuthenticationAPI", "TestAuthenticationAPI.csproj", "{CCEA529D-60FA-4E72-8153-3DE2E1A3FE6A}"
EndProject
Global
	GlobalSection(SolutionConfigurationPlatforms) = preSolution
		Debug|Any CPU = Debug|Any CPU
		Release|Any CPU = Release|Any CPU
	EndGlobalSection
	GlobalSection(ProjectConfigurationPlatforms) = postSolution
		{CCEA529D-60FA-4E72-8153-3DE2E1A3FE6A}.Debug|Any CPU.ActiveCfg = Debug|Any CPU
		{CCEA529D-60FA-4E72-8153-3DE2E1A3FE6A}.Debug|Any CPU.Build.0 = Debug|Any CPU
		{CCEA529D-60FA-4E72-8153-3DE2E1A3FE6A}.Release|Any CPU.ActiveCfg = Release|Any CPU
		{CCEA529D-60FA-4E72-8153-3DE2E1A3FE6A}.Release|Any CPU.Build.0 = Release|Any CPU
	EndGlobalSection
	GlobalSection(SolutionProperties) = preSolution
		HideSolutionNode = FALSE
	EndGlobalSection
	GlobalSection(ExtensibilityGlobals) = postSolution
		SolutionGuid = {E83D5F1D-9246-494F-A4AF-20DB1DFE9490}
	EndGlobalSection
EndGlobal
